
Microsoft Visual Studio Solution File, Format Version 12.00
# Visual Studio 15
VisualStudioVersion = 15.0.27703.2042
MinimumVisualStudioVersion = 10.0.40219.1
Project("{FAE04EC0-301F-11D3-BF4B-00C04F79EFBC}") = "luxe-csgo", "luxe-csgo\luxe-csgo.csproj", "{36C8FCA4-7FCB-4CEC-B5C3-A7EF03311C0A}"
EndProject
Global
	GlobalSection(SolutionConfigurationPlatforms) = preSolution
		Debug|Any CPU = Debug|Any CPU
		Release|Any CPU = Release|Any CPU
	EndGlobalSection
	GlobalSection(ProjectConfigurationPlatforms) = postSolution
		{36C8FCA4-7FCB-4CEC-B5C3-A7EF03311C0A}.Debug|Any CPU.ActiveCfg = Debug|Any CPU
		{36C8FCA4-7FCB-4CEC-B5C3-A7EF03311C0A}.Debug|Any CPU.Build.0 = Debug|Any CPU
		{36C8FCA4-7FCB-4CEC-B5C3-A7EF03311C0A}.Release|Any CPU.ActiveCfg = Release|Any CPU
		{36C8FCA4-7FCB-4CEC-B5C3-A7EF03311C0A}.Release|Any CPU.Build.0 = Release|Any CPU
	EndGlobalSection
	GlobalSection(SolutionProperties) = preSolution
		HideSolutionNode = FALSE
	EndGlobalSection
	GlobalSection(ExtensibilityGlobals) = postSolution
		SolutionGuid = {BC7286D6-FA3E-43CD-A1DB-5989D2EA95D0}
	EndGlobalSection
EndGlobal
