
Microsoft Visual Studio Solution File, Format Version 12.00
# Visual Studio Version 17
VisualStudioVersion = 17.6.33801.468
MinimumVisualStudioVersion = 10.0.40219.1
Project("{FAE04EC0-301F-11D3-BF4B-00C04F79EFBC}") = "sharp-csgo", "sharp-csgo\sharp-csgo.csproj", "{6588D968-9035-44DE-9B35-9A3B082970BC}"
EndProject
Global
	GlobalSection(SolutionConfigurationPlatforms) = preSolution
		Debug|Any CPU = Debug|Any CPU
		Release|Any CPU = Release|Any CPU
	EndGlobalSection
	GlobalSection(ProjectConfigurationPlatforms) = postSolution
		{6588D968-9035-44DE-9B35-9A3B082970BC}.Debug|Any CPU.ActiveCfg = Debug|Any CPU
		{6588D968-9035-44DE-9B35-9A3B082970BC}.Debug|Any CPU.Build.0 = Debug|Any CPU
		{6588D968-9035-44DE-9B35-9A3B082970BC}.Release|Any CPU.ActiveCfg = Release|Any CPU
		{6588D968-9035-44DE-9B35-9A3B082970BC}.Release|Any CPU.Build.0 = Release|Any CPU
	EndGlobalSection
	GlobalSection(SolutionProperties) = preSolution
		HideSolutionNode = FALSE
	EndGlobalSection
	GlobalSection(ExtensibilityGlobals) = postSolution
		SolutionGuid = {B5F34985-980D-4CBA-A1BA-92A8C72115DC}
	EndGlobalSection
EndGlobal
